
Microsoft Visual Studio Solution File, Format Version 12.00
# Visual Studio Version 17
VisualStudioVersion = 17.11.35327.3
MinimumVisualStudioVersion = 10.0.40219.1
Project("{FAE04EC0-301F-11D3-BF4B-00C04F79EFBC}") = "BestStoreMVC", "BestStoreMVC\BestStoreMVC.csproj", "{122B49BD-8E22-42FB-BC87-E64995E7E3FC}"
EndProject
Global
	GlobalSection(SolutionConfigurationPlatforms) = preSolution
		Debug|Any CPU = Debug|Any CPU
		Release|Any CPU = Release|Any CPU
	EndGlobalSection
	GlobalSection(ProjectConfigurationPlatforms) = postSolution
		{122B49BD-8E22-42FB-BC87-E64995E7E3FC}.Debug|Any CPU.ActiveCfg = Debug|Any CPU
		{122B49BD-8E22-42FB-BC87-E64995E7E3FC}.Debug|Any CPU.Build.0 = Debug|Any CPU
		{122B49BD-8E22-42FB-BC87-E64995E7E3FC}.Release|Any CPU.ActiveCfg = Release|Any CPU
		{122B49BD-8E22-42FB-BC87-E64995E7E3FC}.Release|Any CPU.Build.0 = Release|Any CPU
	EndGlobalSection
	GlobalSection(SolutionProperties) = preSolution
		HideSolutionNode = FALSE
	EndGlobalSection
	GlobalSection(ExtensibilityGlobals) = postSolution
		SolutionGuid = {30324B6E-E029-438F-8969-2FB93B6B7F08}
	EndGlobalSection
EndGlobal
